
Microsoft Visual Studio Solution File, Format Version 12.00
# Visual Studio Version 17
VisualStudioVersion = 17.4.33213.308
MinimumVisualStudioVersion = 10.0.40219.1
Project("{FAE04EC0-301F-11D3-BF4B-00C04F79EFBC}") = "VzlomO4ka", "VzlomO4ka\VzlomO4ka.csproj", "{C97C07B0-CD09-4C21-B0E8-04AFD2BB0692}"
EndProject
Global
	GlobalSection(SolutionConfigurationPlatforms) = preSolution
		Debug|Any CPU = Debug|Any CPU
		Release|Any CPU = Release|Any CPU
	EndGlobalSection
	GlobalSection(ProjectConfigurationPlatforms) = postSolution
		{C97C07B0-CD09-4C21-B0E8-04AFD2BB0692}.Debug|Any CPU.ActiveCfg = Debug|Any CPU
		{C97C07B0-CD09-4C21-B0E8-04AFD2BB0692}.Debug|Any CPU.Build.0 = Debug|Any CPU
		{C97C07B0-CD09-4C21-B0E8-04AFD2BB0692}.Release|Any CPU.ActiveCfg = Release|Any CPU
		{C97C07B0-CD09-4C21-B0E8-04AFD2BB0692}.Release|Any CPU.Build.0 = Release|Any CPU
	EndGlobalSection
	GlobalSection(SolutionProperties) = preSolution
		HideSolutionNode = FALSE
	EndGlobalSection
	GlobalSection(ExtensibilityGlobals) = postSolution
		SolutionGuid = {49CD5580-38B6-4A2A-A6EE-81DE4C1DCEB0}
	EndGlobalSection
EndGlobal
